// !$*UTF8*$!
{
	archiveVersion = 1;
	classes = {
	};
	objectVersion = 56;
	objects = {

/* Begin PBXBuildFile section */
		71A8BB2F2C31C4CF000CAC32 /* AnimationPresentationApp.swift in Sources */ = {isa = PBXBuildFile; fileRef = 71A8BB2E2C31C4CF000CAC32 /* AnimationPresentationApp.swift */; };
		71A8BB312C31C4CF000CAC32 /* ContentView.swift in Sources */ = {isa = PBXBuildFile; fileRef = 71A8BB302C31C4CF000CAC32 /* ContentView.swift */; };
		71A8BB332C31C4D0000CAC32 /* Assets.xcassets in Resources */ = {isa = PBXBuildFile; fileRef = 71A8BB322C31C4D0000CAC32 /* Assets.xcassets */; };
		71A8BB362C31C4D0000CAC32 /* Preview Assets.xcassets in Resources */ = {isa = PBXBuildFile; fileRef = 71A8BB352C31C4D0000CAC32 /* Preview Assets.xcassets */; };
		71A8BB3D2C31C508000CAC32 /* RenderTree.swift in Sources */ = {isa = PBXBuildFile; fileRef = 71A8BB3C2C31C508000CAC32 /* RenderTree.swift */; };
		71A8BB3F2C31C7D7000CAC32 /* AnimationVSTransition.swift in Sources */ = {isa = PBXBuildFile; fileRef = 71A8BB3E2C31C7D7000CAC32 /* AnimationVSTransition.swift */; };
		71A8BB412C3392BB000CAC32 /* ImplicitVSExplicit.swift in Sources */ = {isa = PBXBuildFile; fileRef = 71A8BB402C3392BB000CAC32 /* ImplicitVSExplicit.swift */; };
		71A8BB432C33969B000CAC32 /* Answers.swift in Sources */ = {isa = PBXBuildFile; fileRef = 71A8BB422C33969B000CAC32 /* Answers.swift */; };
		71A8BB452C3399CC000CAC32 /* BindingAnimation.swift in Sources */ = {isa = PBXBuildFile; fileRef = 71A8BB442C3399CC000CAC32 /* BindingAnimation.swift */; };
		71A8BB472C339B26000CAC32 /* TimingCurves.swift in Sources */ = {isa = PBXBuildFile; fileRef = 71A8BB462C339B26000CAC32 /* TimingCurves.swift */; };
		71A8BB492C339C0C000CAC32 /* Transaction.swift in Sources */ = {isa = PBXBuildFile; fileRef = 71A8BB482C339C0C000CAC32 /* Transaction.swift */; };
		71A8BB4B2C33A09C000CAC32 /* AnimationCompletionHandler.swift in Sources */ = {isa = PBXBuildFile; fileRef = 71A8BB4A2C33A09C000CAC32 /* AnimationCompletionHandler.swift */; };
		71A8BB4D2C33A497000CAC32 /* AnimatableProtocolDemo.swift in Sources */ = {isa = PBXBuildFile; fileRef = 71A8BB4C2C33A497000CAC32 /* AnimatableProtocolDemo.swift */; };
		71A8BB4F2C33AB90000CAC32 /* Shake.swift in Sources */ = {isa = PBXBuildFile; fileRef = 71A8BB4E2C33AB90000CAC32 /* Shake.swift */; };
		71A8BB522C33AD29000CAC32 /* MotionAnimation.swift in Sources */ = {isa = PBXBuildFile; fileRef = 71A8BB512C33AD29000CAC32 /* MotionAnimation.swift */; };
		71A8BB542C33AE10000CAC32 /* MovableSnakeText.swift in Sources */ = {isa = PBXBuildFile; fileRef = 71A8BB532C33AE10000CAC32 /* MovableSnakeText.swift */; };
		71A8BB562C33AF1B000CAC32 /* ButtonAnimations.swift in Sources */ = {isa = PBXBuildFile; fileRef = 71A8BB552C33AF1B000CAC32 /* ButtonAnimations.swift */; };
		71A8BB582C33AF74000CAC32 /* TypeWriter.swift in Sources */ = {isa = PBXBuildFile; fileRef = 71A8BB572C33AF74000CAC32 /* TypeWriter.swift */; };
/* End PBXBuildFile section */

/* Begin PBXFileReference section */
		71A8BB2B2C31C4CF000CAC32 /* AnimationPresentation.app */ = {isa = PBXFileReference; explicitFileType = wrapper.application; includeInIndex = 0; path = AnimationPresentation.app; sourceTree = BUILT_PRODUCTS_DIR; };
		71A8BB2E2C31C4CF000CAC32 /* AnimationPresentationApp.swift */ = {isa = PBXFileReference; lastKnownFileType = sourcecode.swift; path = AnimationPresentationApp.swift; sourceTree = "<group>"; };
		71A8BB302C31C4CF000CAC32 /* ContentView.swift */ = {isa = PBXFileReference; lastKnownFileType = sourcecode.swift; path = ContentView.swift; sourceTree = "<group>"; };
		71A8BB322C31C4D0000CAC32 /* Assets.xcassets */ = {isa = PBXFileReference; lastKnownFileType = folder.assetcatalog; path = Assets.xcassets; sourceTree = "<group>"; };
		71A8BB352C31C4D0000CAC32 /* Preview Assets.xcassets */ = {isa = PBXFileReference; lastKnownFileType = folder.assetcatalog; path = "Preview Assets.xcassets"; sourceTree = "<group>"; };
		71A8BB3C2C31C508000CAC32 /* RenderTree.swift */ = {isa = PBXFileReference; lastKnownFileType = sourcecode.swift; path = RenderTree.swift; sourceTree = "<group>"; };
		71A8BB3E2C31C7D7000CAC32 /* AnimationVSTransition.swift */ = {isa = PBXFileReference; lastKnownFileType = sourcecode.swift; path = AnimationVSTransition.swift; sourceTree = "<group>"; };
		71A8BB402C3392BB000CAC32 /* ImplicitVSExplicit.swift */ = {isa = PBXFileReference; lastKnownFileType = sourcecode.swift; path = ImplicitVSExplicit.swift; sourceTree = "<group>"; };
		71A8BB422C33969B000CAC32 /* Answers.swift */ = {isa = PBXFileReference; lastKnownFileType = sourcecode.swift; path = Answers.swift; sourceTree = "<group>"; };
		71A8BB442C3399CC000CAC32 /* BindingAnimation.swift */ = {isa = PBXFileReference; lastKnownFileType = sourcecode.swift; path = BindingAnimation.swift; sourceTree = "<group>"; };
		71A8BB462C339B26000CAC32 /* TimingCurves.swift */ = {isa = PBXFileReference; lastKnownFileType = sourcecode.swift; path = TimingCurves.swift; sourceTree = "<group>"; };
		71A8BB482C339C0C000CAC32 /* Transaction.swift */ = {isa = PBXFileReference; lastKnownFileType = sourcecode.swift; path = Transaction.swift; sourceTree = "<group>"; };
		71A8BB4A2C33A09C000CAC32 /* AnimationCompletionHandler.swift */ = {isa = PBXFileReference; lastKnownFileType = sourcecode.swift; path = AnimationCompletionHandler.swift; sourceTree = "<group>"; };
		71A8BB4C2C33A497000CAC32 /* AnimatableProtocolDemo.swift */ = {isa = PBXFileReference; lastKnownFileType = sourcecode.swift; path = AnimatableProtocolDemo.swift; sourceTree = "<group>"; };
		71A8BB4E2C33AB90000CAC32 /* Shake.swift */ = {isa = PBXFileReference; lastKnownFileType = sourcecode.swift; path = Shake.swift; sourceTree = "<group>"; };
		71A8BB512C33AD29000CAC32 /* MotionAnimation.swift */ = {isa = PBXFileReference; lastKnownFileType = sourcecode.swift; path = MotionAnimation.swift; sourceTree = "<group>"; };
		71A8BB532C33AE10000CAC32 /* MovableSnakeText.swift */ = {isa = PBXFileReference; lastKnownFileType = sourcecode.swift; path = MovableSnakeText.swift; sourceTree = "<group>"; };
		71A8BB552C33AF1B000CAC32 /* ButtonAnimations.swift */ = {isa = PBXFileReference; lastKnownFileType = sourcecode.swift; path = ButtonAnimations.swift; sourceTree = "<group>"; };
		71A8BB572C33AF74000CAC32 /* TypeWriter.swift */ = {isa = PBXFileReference; lastKnownFileType = sourcecode.swift; path = TypeWriter.swift; sourceTree = "<group>"; };
/* End PBXFileReference section */

/* Begin PBXFrameworksBuildPhase section */
		71A8BB282C31C4CF000CAC32 /* Frameworks */ = {
			isa = PBXFrameworksBuildPhase;
			buildActionMask = 2147483647;
			files = (
			);
			runOnlyForDeploymentPostprocessing = 0;
		};
/* End PBXFrameworksBuildPhase section */

/* Begin PBXGroup section */
		71A8BB222C31C4CF000CAC32 = {
			isa = PBXGroup;
			children = (
				71A8BB2D2C31C4CF000CAC32 /* AnimationPresentation */,
				71A8BB2C2C31C4CF000CAC32 /* Products */,
			);
			sourceTree = "<group>";
		};
		71A8BB2C2C31C4CF000CAC32 /* Products */ = {
			isa = PBXGroup;
			children = (
				71A8BB2B2C31C4CF000CAC32 /* AnimationPresentation.app */,
			);
			name = Products;
			sourceTree = "<group>";
		};
		71A8BB2D2C31C4CF000CAC32 /* AnimationPresentation */ = {
			isa = PBXGroup;
			children = (
				71A8BB2E2C31C4CF000CAC32 /* AnimationPresentationApp.swift */,
				71A8BB422C33969B000CAC32 /* Answers.swift */,
				71A8BB302C31C4CF000CAC32 /* ContentView.swift */,
				71A8BB322C31C4D0000CAC32 /* Assets.xcassets */,
				71A8BB342C31C4D0000CAC32 /* Preview Content */,
				71A8BB3C2C31C508000CAC32 /* RenderTree.swift */,
				71A8BB3E2C31C7D7000CAC32 /* AnimationVSTransition.swift */,
				71A8BB402C3392BB000CAC32 /* ImplicitVSExplicit.swift */,
				71A8BB442C3399CC000CAC32 /* BindingAnimation.swift */,
				71A8BB462C339B26000CAC32 /* TimingCurves.swift */,
				71A8BB482C339C0C000CAC32 /* Transaction.swift */,
				71A8BB4A2C33A09C000CAC32 /* AnimationCompletionHandler.swift */,
				71A8BB4C2C33A497000CAC32 /* AnimatableProtocolDemo.swift */,
				71A8BB4E2C33AB90000CAC32 /* Shake.swift */,
				71A8BB502C33ACEA000CAC32 /* FunDemosAndExercises */,
			);
			path = AnimationPresentation;
			sourceTree = "<group>";
		};
		71A8BB342C31C4D0000CAC32 /* Preview Content */ = {
			isa = PBXGroup;
			children = (
				71A8BB352C31C4D0000CAC32 /* Preview Assets.xcassets */,
			);
			path = "Preview Content";
			sourceTree = "<group>";
		};
		71A8BB502C33ACEA000CAC32 /* FunDemosAndExercises */ = {
			isa = PBXGroup;
			children = (
				71A8BB512C33AD29000CAC32 /* MotionAnimation.swift */,
				71A8BB532C33AE10000CAC32 /* MovableSnakeText.swift */,
				71A8BB552C33AF1B000CAC32 /* ButtonAnimations.swift */,
				71A8BB572C33AF74000CAC32 /* TypeWriter.swift */,
			);
			path = FunDemosAndExercises;
			sourceTree = "<group>";
		};
/* End PBXGroup section */

/* Begin PBXNativeTarget section */
		71A8BB2A2C31C4CF000CAC32 /* AnimationPresentation */ = {
			isa = PBXNativeTarget;
			buildConfigurationList = 71A8BB392C31C4D0000CAC32 /* Build configuration list for PBXNativeTarget "AnimationPresentation" */;
			buildPhases = (
				71A8BB272C31C4CF000CAC32 /* Sources */,
				71A8BB282C31C4CF000CAC32 /* Frameworks */,
				71A8BB292C31C4CF000CAC32 /* Resources */,
			);
			buildRules = (
			);
			dependencies = (
			);
			name = AnimationPresentation;
			productName = AnimationPresentation;
			productReference = 71A8BB2B2C31C4CF000CAC32 /* AnimationPresentation.app */;
			productType = "com.apple.product-type.application";
		};
/* End PBXNativeTarget section */

/* Begin PBXProject section */
		71A8BB232C31C4CF000CAC32 /* Project object */ = {
			isa = PBXProject;
			attributes = {
				BuildIndependentTargetsInParallel = 1;
				LastSwiftUpdateCheck = 1540;
				LastUpgradeCheck = 1540;
				TargetAttributes = {
					71A8BB2A2C31C4CF000CAC32 = {
						CreatedOnToolsVersion = 15.4;
					};
				};
			};
			buildConfigurationList = 71A8BB262C31C4CF000CAC32 /* Build configuration list for PBXProject "AnimationPresentation" */;
			compatibilityVersion = "Xcode 14.0";
			developmentRegion = en;
			hasScannedForEncodings = 0;
			knownRegions = (
				en,
				Base,
			);
			mainGroup = 71A8BB222C31C4CF000CAC32;
			productRefGroup = 71A8BB2C2C31C4CF000CAC32 /* Products */;
			projectDirPath = "";
			projectRoot = "";
			targets = (
				71A8BB2A2C31C4CF000CAC32 /* AnimationPresentation */,
			);
		};
/* End PBXProject section */

/* Begin PBXResourcesBuildPhase section */
		71A8BB292C31C4CF000CAC32 /* Resources */ = {
			isa = PBXResourcesBuildPhase;
			buildActionMask = 2147483647;
			files = (
				71A8BB362C31C4D0000CAC32 /* Preview Assets.xcassets in Resources */,
				71A8BB332C31C4D0000CAC32 /* Assets.xcassets in Resources */,
			);
			runOnlyForDeploymentPostprocessing = 0;
		};
/* End PBXResourcesBuildPhase section */

/* Begin PBXSourcesBuildPhase section */
		71A8BB272C31C4CF000CAC32 /* Sources */ = {
			isa = PBXSourcesBuildPhase;
			buildActionMask = 2147483647;
			files = (
				71A8BB3D2C31C508000CAC32 /* RenderTree.swift in Sources */,
				71A8BB432C33969B000CAC32 /* Answers.swift in Sources */,
				71A8BB4F2C33AB90000CAC32 /* Shake.swift in Sources */,
				71A8BB452C3399CC000CAC32 /* BindingAnimation.swift in Sources */,
				71A8BB412C3392BB000CAC32 /* ImplicitVSExplicit.swift in Sources */,
				71A8BB522C33AD29000CAC32 /* MotionAnimation.swift in Sources */,
				71A8BB542C33AE10000CAC32 /* MovableSnakeText.swift in Sources */,
				71A8BB312C31C4CF000CAC32 /* ContentView.swift in Sources */,
				71A8BB472C339B26000CAC32 /* TimingCurves.swift in Sources */,
				71A8BB4D2C33A497000CAC32 /* AnimatableProtocolDemo.swift in Sources */,
				71A8BB582C33AF74000CAC32 /* TypeWriter.swift in Sources */,
				71A8BB562C33AF1B000CAC32 /* ButtonAnimations.swift in Sources */,
				71A8BB3F2C31C7D7000CAC32 /* AnimationVSTransition.swift in Sources */,
				71A8BB2F2C31C4CF000CAC32 /* AnimationPresentationApp.swift in Sources */,
				71A8BB4B2C33A09C000CAC32 /* AnimationCompletionHandler.swift in Sources */,
				71A8BB492C339C0C000CAC32 /* Transaction.swift in Sources */,
			);
			runOnlyForDeploymentPostprocessing = 0;
		};
/* End PBXSourcesBuildPhase section */

/* Begin XCBuildConfiguration section */
		71A8BB372C31C4D0000CAC32 /* Debug */ = {
			isa = XCBuildConfiguration;
			buildSettings = {
				ALWAYS_SEARCH_USER_PATHS = NO;
				ASSETCATALOG_COMPILER_GENERATE_SWIFT_ASSET_SYMBOL_EXTENSIONS = YES;
				CLANG_ANALYZER_NONNULL = YES;
				CLANG_ANALYZER_NUMBER_OBJECT_CONVERSION = YES_AGGRESSIVE;
				CLANG_CXX_LANGUAGE_STANDARD = "gnu++20";
				CLANG_ENABLE_MODULES = YES;
				CLANG_ENABLE_OBJC_ARC = YES;
				CLANG_ENABLE_OBJC_WEAK = YES;
				CLANG_WARN_BLOCK_CAPTURE_AUTORELEASING = YES;
				CLANG_WARN_BOOL_CONVERSION = YES;
				CLANG_WARN_COMMA = YES;
				CLANG_WARN_CONSTANT_CONVERSION = YES;
				CLANG_WARN_DEPRECATED_OBJC_IMPLEMENTATIONS = YES;
				CLANG_WARN_DIRECT_OBJC_ISA_USAGE = YES_ERROR;
				CLANG_WARN_DOCUMENTATION_COMMENTS = YES;
				CLANG_WARN_EMPTY_BODY = YES;
				CLANG_WARN_ENUM_CONVERSION = YES;
				CLANG_WARN_INFINITE_RECURSION = YES;
				CLANG_WARN_INT_CONVERSION = YES;
				CLANG_WARN_NON_LITERAL_NULL_CONVERSION = YES;
				CLANG_WARN_OBJC_IMPLICIT_RETAIN_SELF = YES;
				CLANG_WARN_OBJC_LITERAL_CONVERSION = YES;
				CLANG_WARN_OBJC_ROOT_CLASS = YES_ERROR;
				CLANG_WARN_QUOTED_INCLUDE_IN_FRAMEWORK_HEADER = YES;
				CLANG_WARN_RANGE_LOOP_ANALYSIS = YES;
				CLANG_WARN_STRICT_PROTOTYPES = YES;
				CLANG_WARN_SUSPICIOUS_MOVE = YES;
				CLANG_WARN_UNGUARDED_AVAILABILITY = YES_AGGRESSIVE;
				CLANG_WARN_UNREACHABLE_CODE = YES;
				CLANG_WARN__DUPLICATE_METHOD_MATCH = YES;
				COPY_PHASE_STRIP = NO;
				DEBUG_INFORMATION_FORMAT = dwarf;
				ENABLE_STRICT_OBJC_MSGSEND = YES;
				ENABLE_TESTABILITY = YES;
				ENABLE_USER_SCRIPT_SANDBOXING = YES;
				GCC_C_LANGUAGE_STANDARD = gnu17;
				GCC_DYNAMIC_NO_PIC = NO;
				GCC_NO_COMMON_BLOCKS = YES;
				GCC_OPTIMIZATION_LEVEL = 0;
				GCC_PREPROCESSOR_DEFINITIONS = (
					"DEBUG=1",
					"$(inherited)",
				);
				GCC_WARN_64_TO_32_BIT_CONVERSION = YES;
				GCC_WARN_ABOUT_RETURN_TYPE = YES_ERROR;
				GCC_WARN_UNDECLARED_SELECTOR = YES;
				GCC_WARN_UNINITIALIZED_AUTOS = YES_AGGRESSIVE;
				GCC_WARN_UNUSED_FUNCTION = YES;
				GCC_WARN_UNUSED_VARIABLE = YES;
				IPHONEOS_DEPLOYMENT_TARGET = 17.5;
				LOCALIZATION_PREFERS_STRING_CATALOGS = YES;
				MTL_ENABLE_DEBUG_INFO = INCLUDE_SOURCE;
				MTL_FAST_MATH = YES;
				ONLY_ACTIVE_ARCH = YES;
				SDKROOT = iphoneos;
				SWIFT_ACTIVE_COMPILATION_CONDITIONS = "DEBUG $(inherited)";
				SWIFT_OPTIMIZATION_LEVEL = "-Onone";
			};
			name = Debug;
		};
		71A8BB382C31C4D0000CAC32 /* Release */ = {
			isa = XCBuildConfiguration;
			buildSettings = {
				ALWAYS_SEARCH_USER_PATHS = NO;
				ASSETCATALOG_COMPILER_GENERATE_SWIFT_ASSET_SYMBOL_EXTENSIONS = YES;
				CLANG_ANALYZER_NONNULL = YES;
				CLANG_ANALYZER_NUMBER_OBJECT_CONVERSION = YES_AGGRESSIVE;
				CLANG_CXX_LANGUAGE_STANDARD = "gnu++20";
				CLANG_ENABLE_MODULES = YES;
				CLANG_ENABLE_OBJC_ARC = YES;
				CLANG_ENABLE_OBJC_WEAK = YES;
				CLANG_WARN_BLOCK_CAPTURE_AUTORELEASING = YES;
				CLANG_WARN_BOOL_CONVERSION = YES;
				CLANG_WARN_COMMA = YES;
				CLANG_WARN_CONSTANT_CONVERSION = YES;
				CLANG_WARN_DEPRECATED_OBJC_IMPLEMENTATIONS = YES;
				CLANG_WARN_DIRECT_OBJC_ISA_USAGE = YES_ERROR;
				CLANG_WARN_DOCUMENTATION_COMMENTS = YES;
				CLANG_WARN_EMPTY_BODY = YES;
				CLANG_WARN_ENUM_CONVERSION = YES;
				CLANG_WARN_INFINITE_RECURSION = YES;
				CLANG_WARN_INT_CONVERSION = YES;
				CLANG_WARN_NON_LITERAL_NULL_CONVERSION = YES;
				CLANG_WARN_OBJC_IMPLICIT_RETAIN_SELF = YES;
				CLANG_WARN_OBJC_LITERAL_CONVERSION = YES;
				CLANG_WARN_OBJC_ROOT_CLASS = YES_ERROR;
				CLANG_WARN_QUOTED_INCLUDE_IN_FRAMEWORK_HEADER = YES;
				CLANG_WARN_RANGE_LOOP_ANALYSIS = YES;
				CLANG_WARN_STRICT_PROTOTYPES = YES;
				CLANG_WARN_SUSPICIOUS_MOVE = YES;
				CLANG_WARN_UNGUARDED_AVAILABILITY = YES_AGGRESSIVE;
				CLANG_WARN_UNREACHABLE_CODE = YES;
				CLANG_WARN__DUPLICATE_METHOD_MATCH = YES;
				COPY_PHASE_STRIP = NO;
				DEBUG_INFORMATION_FORMAT = "dwarf-with-dsym";
				ENABLE_NS_ASSERTIONS = NO;
				ENABLE_STRICT_OBJC_MSGSEND = YES;
				ENABLE_USER_SCRIPT_SANDBOXING = YES;
				GCC_C_LANGUAGE_STANDARD = gnu17;
				GCC_NO_COMMON_BLOCKS = YES;
				GCC_WARN_64_TO_32_BIT_CONVERSION = YES;
				GCC_WARN_ABOUT_RETURN_TYPE = YES_ERROR;
				GCC_WARN_UNDECLARED_SELECTOR = YES;
				GCC_WARN_UNINITIALIZED_AUTOS = YES_AGGRESSIVE;
				GCC_WARN_UNUSED_FUNCTION = YES;
				GCC_WARN_UNUSED_VARIABLE = YES;
				IPHONEOS_DEPLOYMENT_TARGET = 17.5;
				LOCALIZATION_PREFERS_STRING_CATALOGS = YES;
				MTL_ENABLE_DEBUG_INFO = NO;
				MTL_FAST_MATH = YES;
				SDKROOT = iphoneos;
				SWIFT_COMPILATION_MODE = wholemodule;
				VALIDATE_PRODUCT = YES;
			};
			name = Release;
		};
		71A8BB3A2C31C4D0000CAC32 /* Debug */ = {
			isa = XCBuildConfiguration;
			buildSettings = {
				ASSETCATALOG_COMPILER_APPICON_NAME = AppIcon;
				ASSETCATALOG_COMPILER_GLOBAL_ACCENT_COLOR_NAME = AccentColor;
				CODE_SIGN_STYLE = Automatic;
				CURRENT_PROJECT_VERSION = 1;
				DEVELOPMENT_ASSET_PATHS = "\"AnimationPresentation/Preview Content\"";
				DEVELOPMENT_TEAM = 45KK5U5H4J;
				ENABLE_PREVIEWS = YES;
				GENERATE_INFOPLIST_FILE = YES;
				INFOPLIST_KEY_UIApplicationSceneManifest_Generation = YES;
				INFOPLIST_KEY_UIApplicationSupportsIndirectInputEvents = YES;
				INFOPLIST_KEY_UILaunchScreen_Generation = YES;
				INFOPLIST_KEY_UISupportedInterfaceOrientations_iPad = "UIInterfaceOrientationPortrait UIInterfaceOrientationPortraitUpsideDown UIInterfaceOrientationLandscapeLeft UIInterfaceOrientationLandscapeRight";
				INFOPLIST_KEY_UISupportedInterfaceOrientations_iPhone = "UIInterfaceOrientationPortrait UIInterfaceOrientationLandscapeLeft UIInterfaceOrientationLandscapeRight";
				LD_RUNPATH_SEARCH_PATHS = (
					"$(inherited)",
					"@executable_path/Frameworks",
				);
				MARKETING_VERSION = 1.0;
				PRODUCT_BUNDLE_IDENTIFIER = com.amin.nazemzadeh.AnimationPresentation;
				PRODUCT_NAME = "$(TARGET_NAME)";
				SWIFT_EMIT_LOC_STRINGS = YES;
				SWIFT_VERSION = 5.0;
				TARGETED_DEVICE_FAMILY = "1,2";
			};
			name = Debug;
		};
		71A8BB3B2C31C4D0000CAC32 /* Release */ = {
			isa = XCBuildConfiguration;
			buildSettings = {
				ASSETCATALOG_COMPILER_APPICON_NAME = AppIcon;
				ASSETCATALOG_COMPILER_GLOBAL_ACCENT_COLOR_NAME = AccentColor;
				CODE_SIGN_STYLE = Automatic;
				CURRENT_PROJECT_VERSION = 1;
				DEVELOPMENT_ASSET_PATHS = "\"AnimationPresentation/Preview Content\"";
				DEVELOPMENT_TEAM = 45KK5U5H4J;
				ENABLE_PREVIEWS = YES;
				GENERATE_INFOPLIST_FILE = YES;
				INFOPLIST_KEY_UIApplicationSceneManifest_Generation = YES;
				INFOPLIST_KEY_UIApplicationSupportsIndirectInputEvents = YES;
				INFOPLIST_KEY_UILaunchScreen_Generation = YES;
				INFOPLIST_KEY_UISupportedInterfaceOrientations_iPad = "UIInterfaceOrientationPortrait UIInterfaceOrientationPortraitUpsideDown UIInterfaceOrientationLandscapeLeft UIInterfaceOrientationLandscapeRight";
				INFOPLIST_KEY_UISupportedInterfaceOrientations_iPhone = "UIInterfaceOrientationPortrait UIInterfaceOrientationLandscapeLeft UIInterfaceOrientationLandscapeRight";
				LD_RUNPATH_SEARCH_PATHS = (
					"$(inherited)",
					"@executable_path/Frameworks",
				);
				MARKETING_VERSION = 1.0;
				PRODUCT_BUNDLE_IDENTIFIER = com.amin.nazemzadeh.AnimationPresentation;
				PRODUCT_NAME = "$(TARGET_NAME)";
				SWIFT_EMIT_LOC_STRINGS = YES;
				SWIFT_VERSION = 5.0;
				TARGETED_DEVICE_FAMILY = "1,2";
			};
			name = Release;
		};
/* End XCBuildConfiguration section */

/* Begin XCConfigurationList section */
		71A8BB262C31C4CF000CAC32 /* Build configuration list for PBXProject "AnimationPresentation" */ = {
			isa = XCConfigurationList;
			buildConfigurations = (
				71A8BB372C31C4D0000CAC32 /* Debug */,
				71A8BB382C31C4D0000CAC32 /* Release */,
			);
			defaultConfigurationIsVisible = 0;
			defaultConfigurationName = Release;
		};
		71A8BB392C31C4D0000CAC32 /* Build configuration list for PBXNativeTarget "AnimationPresentation" */ = {
			isa = XCConfigurationList;
			buildConfigurations = (
				71A8BB3A2C31C4D0000CAC32 /* Debug */,
				71A8BB3B2C31C4D0000CAC32 /* Release */,
			);
			defaultConfigurationIsVisible = 0;
			defaultConfigurationName = Release;
		};
/* End XCConfigurationList section */
	};
	rootObject = 71A8BB232C31C4CF000CAC32 /* Project object */;
}
